
Microsoft Visual Studio Solution File, Format Version 12.00
# Visual Studio Version 17
VisualStudioVersion = 17.14.36202.13 d17.14
MinimumVisualStudioVersion = 10.0.40219.1
Project("{FAE04EC0-301F-11D3-BF4B-00C04F79EFBC}") = "WebBooksApp", "WebBooksApp\WebBooksApp.csproj", "{4FB6D3D5-CAE1-4A94-BF2C-4042B269E93A}"
EndProject
Global
	GlobalSection(SolutionConfigurationPlatforms) = preSolution
		Debug|Any CPU = Debug|Any CPU
		Release|Any CPU = Release|Any CPU
	EndGlobalSection
	GlobalSection(ProjectConfigurationPlatforms) = postSolution
		{4FB6D3D5-CAE1-4A94-BF2C-4042B269E93A}.Debug|Any CPU.ActiveCfg = Debug|Any CPU
		{4FB6D3D5-CAE1-4A94-BF2C-4042B269E93A}.Debug|Any CPU.Build.0 = Debug|Any CPU
		{4FB6D3D5-CAE1-4A94-BF2C-4042B269E93A}.Release|Any CPU.ActiveCfg = Release|Any CPU
		{4FB6D3D5-CAE1-4A94-BF2C-4042B269E93A}.Release|Any CPU.Build.0 = Release|Any CPU
	EndGlobalSection
	GlobalSection(SolutionProperties) = preSolution
		HideSolutionNode = FALSE
	EndGlobalSection
	GlobalSection(ExtensibilityGlobals) = postSolution
		SolutionGuid = {621EA1CB-7050-46D2-B583-82D534A820C9}
	EndGlobalSection
EndGlobal
